// !$*UTF8*$!
{
	archiveVersion = 1;
	classes = {
	};
	objectVersion = 50;
	objects = {

/* Begin PBXBuildFile section */
		1724244524589178006C36DF /* AppDelegate.swift in Sources */ = {isa = PBXBuildFile; fileRef = 1724244424589178006C36DF /* AppDelegate.swift */; };
		1724244724589178006C36DF /* SceneDelegate.swift in Sources */ = {isa = PBXBuildFile; fileRef = 1724244624589178006C36DF /* SceneDelegate.swift */; };
		1724244924589178006C36DF /* ViewController.swift in Sources */ = {isa = PBXBuildFile; fileRef = 1724244824589178006C36DF /* ViewController.swift */; };
		1724244C24589178006C36DF /* Main.storyboard in Resources */ = {isa = PBXBuildFile; fileRef = 1724244A24589178006C36DF /* Main.storyboard */; };
		1724244F24589178006C36DF /* GitHubSearcherDemoApp.xcdatamodeld in Sources */ = {isa = PBXBuildFile; fileRef = 1724244D24589178006C36DF /* GitHubSearcherDemoApp.xcdatamodeld */; };
		1724245124589179006C36DF /* Assets.xcassets in Resources */ = {isa = PBXBuildFile; fileRef = 1724245024589179006C36DF /* Assets.xcassets */; };
		1724245424589179006C36DF /* LaunchScreen.storyboard in Resources */ = {isa = PBXBuildFile; fileRef = 1724245224589179006C36DF /* LaunchScreen.storyboard */; };
/* End PBXBuildFile section */

/* Begin PBXFileReference section */
		1724244124589178006C36DF /* GitHubSearcherDemoApp.app */ = {isa = PBXFileReference; explicitFileType = wrapper.application; includeInIndex = 0; path = GitHubSearcherDemoApp.app; sourceTree = BUILT_PRODUCTS_DIR; };
		1724244424589178006C36DF /* AppDelegate.swift */ = {isa = PBXFileReference; lastKnownFileType = sourcecode.swift; path = AppDelegate.swift; sourceTree = "<group>"; };
		1724244624589178006C36DF /* SceneDelegate.swift */ = {isa = PBXFileReference; lastKnownFileType = sourcecode.swift; path = SceneDelegate.swift; sourceTree = "<group>"; };
		1724244824589178006C36DF /* ViewController.swift */ = {isa = PBXFileReference; lastKnownFileType = sourcecode.swift; path = ViewController.swift; sourceTree = "<group>"; };
		1724244B24589178006C36DF /* Base */ = {isa = PBXFileReference; lastKnownFileType = file.storyboard; name = Base; path = Base.lproj/Main.storyboard; sourceTree = "<group>"; };
		1724244E24589178006C36DF /* GitHubSearcherDemoApp.xcdatamodel */ = {isa = PBXFileReference; lastKnownFileType = wrapper.xcdatamodel; path = GitHubSearcherDemoApp.xcdatamodel; sourceTree = "<group>"; };
		1724245024589179006C36DF /* Assets.xcassets */ = {isa = PBXFileReference; lastKnownFileType = folder.assetcatalog; path = Assets.xcassets; sourceTree = "<group>"; };
		1724245324589179006C36DF /* Base */ = {isa = PBXFileReference; lastKnownFileType = file.storyboard; name = Base; path = Base.lproj/LaunchScreen.storyboard; sourceTree = "<group>"; };
		1724245524589179006C36DF /* Info.plist */ = {isa = PBXFileReference; lastKnownFileType = text.plist.xml; path = Info.plist; sourceTree = "<group>"; };
/* End PBXFileReference section */

/* Begin PBXFrameworksBuildPhase section */
		1724243E24589178006C36DF /* Frameworks */ = {
			isa = PBXFrameworksBuildPhase;
			buildActionMask = 2147483647;
			files = (
			);
			runOnlyForDeploymentPostprocessing = 0;
		};
/* End PBXFrameworksBuildPhase section */

/* Begin PBXGroup section */
		1724243824589178006C36DF = {
			isa = PBXGroup;
			children = (
				1724244324589178006C36DF /* GitHubSearcherDemoApp */,
				1724244224589178006C36DF /* Products */,
			);
			sourceTree = "<group>";
		};
		1724244224589178006C36DF /* Products */ = {
			isa = PBXGroup;
			children = (
				1724244124589178006C36DF /* GitHubSearcherDemoApp.app */,
			);
			name = Products;
			sourceTree = "<group>";
		};
		1724244324589178006C36DF /* GitHubSearcherDemoApp */ = {
			isa = PBXGroup;
			children = (
				1724244424589178006C36DF /* AppDelegate.swift */,
				1724244624589178006C36DF /* SceneDelegate.swift */,
				1724244824589178006C36DF /* ViewController.swift */,
				1724244A24589178006C36DF /* Main.storyboard */,
				1724245024589179006C36DF /* Assets.xcassets */,
				1724245224589179006C36DF /* LaunchScreen.storyboard */,
				1724245524589179006C36DF /* Info.plist */,
				1724244D24589178006C36DF /* GitHubSearcherDemoApp.xcdatamodeld */,
			);
			path = GitHubSearcherDemoApp;
			sourceTree = "<group>";
		};
/* End PBXGroup section */

/* Begin PBXNativeTarget section */
		1724244024589178006C36DF /* GitHubSearcherDemoApp */ = {
			isa = PBXNativeTarget;
			buildConfigurationList = 1724245824589179006C36DF /* Build configuration list for PBXNativeTarget "GitHubSearcherDemoApp" */;
			buildPhases = (
				1724243D24589178006C36DF /* Sources */,
				1724243E24589178006C36DF /* Frameworks */,
				1724243F24589178006C36DF /* Resources */,
			);
			buildRules = (
			);
			dependencies = (
			);
			name = GitHubSearcherDemoApp;
			productName = GitHubSearcherDemoApp;
			productReference = 1724244124589178006C36DF /* GitHubSearcherDemoApp.app */;
			productType = "com.apple.product-type.application";
		};
/* End PBXNativeTarget section */

/* Begin PBXProject section */
		1724243924589178006C36DF /* Project object */ = {
			isa = PBXProject;
			attributes = {
				LastSwiftUpdateCheck = 1130;
				LastUpgradeCheck = 1130;
				ORGANIZATIONNAME = "Jinisha Savani";
				TargetAttributes = {
					1724244024589178006C36DF = {
						CreatedOnToolsVersion = 11.3.1;
					};
				};
			};
			buildConfigurationList = 1724243C24589178006C36DF /* Build configuration list for PBXProject "GitHubSearcherDemoApp" */;
			compatibilityVersion = "Xcode 9.3";
			developmentRegion = en;
			hasScannedForEncodings = 0;
			knownRegions = (
				en,
				Base,
			);
			mainGroup = 1724243824589178006C36DF;
			productRefGroup = 1724244224589178006C36DF /* Products */;
			projectDirPath = "";
			projectRoot = "";
			targets = (
				1724244024589178006C36DF /* GitHubSearcherDemoApp */,
			);
		};
/* End PBXProject section */

/* Begin PBXResourcesBuildPhase section */
		1724243F24589178006C36DF /* Resources */ = {
			isa = PBXResourcesBuildPhase;
			buildActionMask = 2147483647;
			files = (
				1724245424589179006C36DF /* LaunchScreen.storyboard in Resources */,
				1724245124589179006C36DF /* Assets.xcassets in Resources */,
				1724244C24589178006C36DF /* Main.storyboard in Resources */,
			);
			runOnlyForDeploymentPostprocessing = 0;
		};
/* End PBXResourcesBuildPhase section */

/* Begin PBXSourcesBuildPhase section */
		1724243D24589178006C36DF /* Sources */ = {
			isa = PBXSourcesBuildPhase;
			buildActionMask = 2147483647;
			files = (
				1724244F24589178006C36DF /* GitHubSearcherDemoApp.xcdatamodeld in Sources */,
				1724244924589178006C36DF /* ViewController.swift in Sources */,
				1724244524589178006C36DF /* AppDelegate.swift in Sources */,
				1724244724589178006C36DF /* SceneDelegate.swift in Sources */,
			);
			runOnlyForDeploymentPostprocessing = 0;
		};
/* End PBXSourcesBuildPhase section */

/* Begin PBXVariantGroup section */
		1724244A24589178006C36DF /* Main.storyboard */ = {
			isa = PBXVariantGroup;
			children = (
				1724244B24589178006C36DF /* Base */,
			);
			name = Main.storyboard;
			sourceTree = "<group>";
		};
		1724245224589179006C36DF /* LaunchScreen.storyboard */ = {
			isa = PBXVariantGroup;
			children = (
				1724245324589179006C36DF /* Base */,
			);
			name = LaunchScreen.storyboard;
			sourceTree = "<group>";
		};
/* End PBXVariantGroup section */

/* Begin XCBuildConfiguration section */
		1724245624589179006C36DF /* Debug */ = {
			isa = XCBuildConfiguration;
			buildSettings = {
				ALWAYS_SEARCH_USER_PATHS = NO;
				CLANG_ANALYZER_NONNULL = YES;
				CLANG_ANALYZER_NUMBER_OBJECT_CONVERSION = YES_AGGRESSIVE;
				CLANG_CXX_LANGUAGE_STANDARD = "gnu++14";
				CLANG_CXX_LIBRARY = "libc++";
				CLANG_ENABLE_MODULES = YES;
				CLANG_ENABLE_OBJC_ARC = YES;
				CLANG_ENABLE_OBJC_WEAK = YES;
				CLANG_WARN_BLOCK_CAPTURE_AUTORELEASING = YES;
				CLANG_WARN_BOOL_CONVERSION = YES;
				CLANG_WARN_COMMA = YES;
				CLANG_WARN_CONSTANT_CONVERSION = YES;
				CLANG_WARN_DEPRECATED_OBJC_IMPLEMENTATIONS = YES;
				CLANG_WARN_DIRECT_OBJC_ISA_USAGE = YES_ERROR;
				CLANG_WARN_DOCUMENTATION_COMMENTS = YES;
				CLANG_WARN_EMPTY_BODY = YES;
				CLANG_WARN_ENUM_CONVERSION = YES;
				CLANG_WARN_INFINITE_RECURSION = YES;
				CLANG_WARN_INT_CONVERSION = YES;
				CLANG_WARN_NON_LITERAL_NULL_CONVERSION = YES;
				CLANG_WARN_OBJC_IMPLICIT_RETAIN_SELF = YES;
				CLANG_WARN_OBJC_LITERAL_CONVERSION = YES;
				CLANG_WARN_OBJC_ROOT_CLASS = YES_ERROR;
				CLANG_WARN_RANGE_LOOP_ANALYSIS = YES;
				CLANG_WARN_STRICT_PROTOTYPES = YES;
				CLANG_WARN_SUSPICIOUS_MOVE = YES;
				CLANG_WARN_UNGUARDED_AVAILABILITY = YES_AGGRESSIVE;
				CLANG_WARN_UNREACHABLE_CODE = YES;
				CLANG_WARN__DUPLICATE_METHOD_MATCH = YES;
				COPY_PHASE_STRIP = NO;
				DEBUG_INFORMATION_FORMAT = dwarf;
				ENABLE_STRICT_OBJC_MSGSEND = YES;
				ENABLE_TESTABILITY = YES;
				GCC_C_LANGUAGE_STANDARD = gnu11;
				GCC_DYNAMIC_NO_PIC = NO;
				GCC_NO_COMMON_BLOCKS = YES;
				GCC_OPTIMIZATION_LEVEL = 0;
				GCC_PREPROCESSOR_DEFINITIONS = (
					"DEBUG=1",
					"$(inherited)",
				);
				GCC_WARN_64_TO_32_BIT_CONVERSION = YES;
				GCC_WARN_ABOUT_RETURN_TYPE = YES_ERROR;
				GCC_WARN_UNDECLARED_SELECTOR = YES;
				GCC_WARN_UNINITIALIZED_AUTOS = YES_AGGRESSIVE;
				GCC_WARN_UNUSED_FUNCTION = YES;
				GCC_WARN_UNUSED_VARIABLE = YES;
				IPHONEOS_DEPLOYMENT_TARGET = 13.2;
				MTL_ENABLE_DEBUG_INFO = INCLUDE_SOURCE;
				MTL_FAST_MATH = YES;
				ONLY_ACTIVE_ARCH = YES;
				SDKROOT = iphoneos;
				SWIFT_ACTIVE_COMPILATION_CONDITIONS = DEBUG;
				SWIFT_OPTIMIZATION_LEVEL = "-Onone";
			};
			name = Debug;
		};
		1724245724589179006C36DF /* Release */ = {
			isa = XCBuildConfiguration;
			buildSettings = {
				ALWAYS_SEARCH_USER_PATHS = NO;
				CLANG_ANALYZER_NONNULL = YES;
				CLANG_ANALYZER_NUMBER_OBJECT_CONVERSION = YES_AGGRESSIVE;
				CLANG_CXX_LANGUAGE_STANDARD = "gnu++14";
				CLANG_CXX_LIBRARY = "libc++";
				CLANG_ENABLE_MODULES = YES;
				CLANG_ENABLE_OBJC_ARC = YES;
				CLANG_ENABLE_OBJC_WEAK = YES;
				CLANG_WARN_BLOCK_CAPTURE_AUTORELEASING = YES;
				CLANG_WARN_BOOL_CONVERSION = YES;
				CLANG_WARN_COMMA = YES;
				CLANG_WARN_CONSTANT_CONVERSION = YES;
				CLANG_WARN_DEPRECATED_OBJC_IMPLEMENTATIONS = YES;
				CLANG_WARN_DIRECT_OBJC_ISA_USAGE = YES_ERROR;
				CLANG_WARN_DOCUMENTATION_COMMENTS = YES;
				CLANG_WARN_EMPTY_BODY = YES;
				CLANG_WARN_ENUM_CONVERSION = YES;
				CLANG_WARN_INFINITE_RECURSION = YES;
				CLANG_WARN_INT_CONVERSION = YES;
				CLANG_WARN_NON_LITERAL_NULL_CONVERSION = YES;
				CLANG_WARN_OBJC_IMPLICIT_RETAIN_SELF = YES;
				CLANG_WARN_OBJC_LITERAL_CONVERSION = YES;
				CLANG_WARN_OBJC_ROOT_CLASS = YES_ERROR;
				CLANG_WARN_RANGE_LOOP_ANALYSIS = YES;
				CLANG_WARN_STRICT_PROTOTYPES = YES;
				CLANG_WARN_SUSPICIOUS_MOVE = YES;
				CLANG_WARN_UNGUARDED_AVAILABILITY = YES_AGGRESSIVE;
				CLANG_WARN_UNREACHABLE_CODE = YES;
				CLANG_WARN__DUPLICATE_METHOD_MATCH = YES;
				COPY_PHASE_STRIP = NO;
				DEBUG_INFORMATION_FORMAT = "dwarf-with-dsym";
				ENABLE_NS_ASSERTIONS = NO;
				ENABLE_STRICT_OBJC_MSGSEND = YES;
				GCC_C_LANGUAGE_STANDARD = gnu11;
				GCC_NO_COMMON_BLOCKS = YES;
				GCC_WARN_64_TO_32_BIT_CONVERSION = YES;
				GCC_WARN_ABOUT_RETURN_TYPE = YES_ERROR;
				GCC_WARN_UNDECLARED_SELECTOR = YES;
				GCC_WARN_UNINITIALIZED_AUTOS = YES_AGGRESSIVE;
				GCC_WARN_UNUSED_FUNCTION = YES;
				GCC_WARN_UNUSED_VARIABLE = YES;
				IPHONEOS_DEPLOYMENT_TARGET = 13.2;
				MTL_ENABLE_DEBUG_INFO = NO;
				MTL_FAST_MATH = YES;
				SDKROOT = iphoneos;
				SWIFT_COMPILATION_MODE = wholemodule;
				SWIFT_OPTIMIZATION_LEVEL = "-O";
				VALIDATE_PRODUCT = YES;
			};
			name = Release;
		};
		1724245924589179006C36DF /* Debug */ = {
			isa = XCBuildConfiguration;
			buildSettings = {
				ASSETCATALOG_COMPILER_APPICON_NAME = AppIcon;
				CODE_SIGN_STYLE = Automatic;
				DEVELOPMENT_TEAM = WDXAZPK6JS;
				INFOPLIST_FILE = GitHubSearcherDemoApp/Info.plist;
				LD_RUNPATH_SEARCH_PATHS = (
					"$(inherited)",
					"@executable_path/Frameworks",
				);
				PRODUCT_BUNDLE_IDENTIFIER = com.jenny.GitHubSearcherDemoApp;
				PRODUCT_NAME = "$(TARGET_NAME)";
				SWIFT_VERSION = 5.0;
				TARGETED_DEVICE_FAMILY = "1,2";
			};
			name = Debug;
		};
		1724245A24589179006C36DF /* Release */ = {
			isa = XCBuildConfiguration;
			buildSettings = {
				ASSETCATALOG_COMPILER_APPICON_NAME = AppIcon;
				CODE_SIGN_STYLE = Automatic;
				DEVELOPMENT_TEAM = WDXAZPK6JS;
				INFOPLIST_FILE = GitHubSearcherDemoApp/Info.plist;
				LD_RUNPATH_SEARCH_PATHS = (
					"$(inherited)",
					"@executable_path/Frameworks",
				);
				PRODUCT_BUNDLE_IDENTIFIER = com.jenny.GitHubSearcherDemoApp;
				PRODUCT_NAME = "$(TARGET_NAME)";
				SWIFT_VERSION = 5.0;
				TARGETED_DEVICE_FAMILY = "1,2";
			};
			name = Release;
		};
/* End XCBuildConfiguration section */

/* Begin XCConfigurationList section */
		1724243C24589178006C36DF /* Build configuration list for PBXProject "GitHubSearcherDemoApp" */ = {
			isa = XCConfigurationList;
			buildConfigurations = (
				1724245624589179006C36DF /* Debug */,
				1724245724589179006C36DF /* Release */,
			);
			defaultConfigurationIsVisible = 0;
			defaultConfigurationName = Release;
		};
		1724245824589179006C36DF /* Build configuration list for PBXNativeTarget "GitHubSearcherDemoApp" */ = {
			isa = XCConfigurationList;
			buildConfigurations = (
				1724245924589179006C36DF /* Debug */,
				1724245A24589179006C36DF /* Release */,
			);
			defaultConfigurationIsVisible = 0;
			defaultConfigurationName = Release;
		};
/* End XCConfigurationList section */

/* Begin XCVersionGroup section */
		1724244D24589178006C36DF /* GitHubSearcherDemoApp.xcdatamodeld */ = {
			isa = XCVersionGroup;
			children = (
				1724244E24589178006C36DF /* GitHubSearcherDemoApp.xcdatamodel */,
			);
			currentVersion = 1724244E24589178006C36DF /* GitHubSearcherDemoApp.xcdatamodel */;
			path = GitHubSearcherDemoApp.xcdatamodeld;
			sourceTree = "<group>";
			versionGroupType = wrapper.xcdatamodel;
		};
/* End XCVersionGroup section */
	};
	rootObject = 1724243924589178006C36DF /* Project object */;
}
